PODS:
  - Material (2.4.1):
    - Material/Core (= 2.4.1)
  - Material/Core (2.4.1)
  - RxCocoa (3.0.1):
    - RxSwift (~> 3.0)
  - RxDataSources (1.0.0):
    - RxCocoa (~> 3.0)
    - RxSwift (~> 3.0)
  - RxSwift (3.0.1)

DEPENDENCIES:
  - Material (~> 2.4)
  - RxCocoa (~> 3.0)
  - RxDataSources (~> 1.0)
  - RxSwift (~> 3.0)

SPEC CHECKSUMS:
  Material: bdf4386e3600537077c2667764292f8dd581e541
  RxCocoa: 15a52fc590dcc700cb4a690a633b5c5184ce3a78
  RxDataSources: 824693e84d00781d0a5e5cedc1ff95ce9250aacd
  RxSwift: af5680055c4ad04480189c52d28385b1029493a6

PODFILE CHECKSUM: eba0bb3b1d8198fcddc9522705940b64c5b36d04

COCOAPODS: 1.1.1
